
Microsoft Visual Studio Solution File, Format Version 12.00
# Visual Studio 15
VisualStudioVersion = 15.0.28307.1022
MinimumVisualStudioVersion = 10.0.40219.1
Project("{8BC9CEB8-8B4A-11D0-8D11-00A0C91BC942}") = "ConsoleApplication11", "ConsoleApplication11\ConsoleApplication11.vcxproj", "{A043DF8A-F1FC-4E43-B46E-D9D59734CEA8}"
EndProject
Global
	GlobalSection(SolutionConfigurationPlatforms) = preSolution
		Debug|x64 = Debug|x64
		Debug|x86 = Debug|x86
		Release|x64 = Release|x64
		Release|x86 = Release|x86
	EndGlobalSection
	GlobalSection(ProjectConfigurationPlatforms) = postSolution
		{A043DF8A-F1FC-4E43-B46E-D9D59734CEA8}.Debug|x64.ActiveCfg = Debug|x64
		{A043DF8A-F1FC-4E43-B46E-D9D59734CEA8}.Debug|x64.Build.0 = Debug|x64
		{A043DF8A-F1FC-4E43-B46E-D9D59734CEA8}.Debug|x86.ActiveCfg = Debug|Win32
		{A043DF8A-F1FC-4E43-B46E-D9D59734CEA8}.Debug|x86.Build.0 = Debug|Win32
		{A043DF8A-F1FC-4E43-B46E-D9D59734CEA8}.Release|x64.ActiveCfg = Release|x64
		{A043DF8A-F1FC-4E43-B46E-D9D59734CEA8}.Release|x64.Build.0 = Release|x64
		{A043DF8A-F1FC-4E43-B46E-D9D59734CEA8}.Release|x86.ActiveCfg = Release|Win32
		{A043DF8A-F1FC-4E43-B46E-D9D59734CEA8}.Release|x86.Build.0 = Release|Win32
	EndGlobalSection
	GlobalSection(SolutionProperties) = preSolution
		HideSolutionNode = FALSE
	EndGlobalSection
	GlobalSection(ExtensibilityGlobals) = postSolution
		SolutionGuid = {8843DD48-246C-472C-B8AB-31912BE8FA55}
	EndGlobalSection
EndGlobal
